
Microsoft Visual Studio Solution File, Format Version 12.00
# Visual Studio Version 17
VisualStudioVersion = 17.7.34202.233
MinimumVisualStudioVersion = 10.0.40219.1
Project("{8BC9CEB8-8B4A-11D0-8D11-00A0C91BC942}") = "LinkedList", "LinkedList\LinkedList.vcxproj", "{4E7016DA-89D9-4E31-9550-DB7998BD5114}"
EndProject
Project("{8BC9CEB8-8B4A-11D0-8D11-00A0C91BC942}") = "Stack", "Stack\Stack.vcxproj", "{439898D0-3F6F-4841-BDE9-C9A6720C8DA9}"
EndProject
Project("{8BC9CEB8-8B4A-11D0-8D11-00A0C91BC942}") = "Pointer", "Pointer\Pointer.vcxproj", "{7BCCFFA3-4DBC-455D-9C64-6287B464CC61}"
EndProject
Project("{8BC9CEB8-8B4A-11D0-8D11-00A0C91BC942}") = "Queue", "Queue\Queue.vcxproj", "{C6FCC539-6091-4864-A01B-89CDAE83423A}"
EndProject
Project("{8BC9CEB8-8B4A-11D0-8D11-00A0C91BC942}") = "Tree", "Tree\Tree.vcxproj", "{F3721545-9DC1-48E2-915E-D3E192D84F45}"
EndProject
Project("{8BC9CEB8-8B4A-11D0-8D11-00A0C91BC942}") = "StuManager", "StuManager\StuManager.vcxproj", "{BE5322CC-ECB2-480A-ACA8-A95B7B09D1E2}"
EndProject
Project("{8BC9CEB8-8B4A-11D0-8D11-00A0C91BC942}") = "ToBinary", "ToBinary\ToBinary.vcxproj", "{A904170C-2E23-408C-943F-5C4D0FED8D15}"
EndProject
Project("{8BC9CEB8-8B4A-11D0-8D11-00A0C91BC942}") = "LinkedList2", "LinkedList2\LinkedList2.vcxproj", "{86A96526-B94E-4F4E-9687-F7F37369FB39}"
EndProject
Project("{8BC9CEB8-8B4A-11D0-8D11-00A0C91BC942}") = "Minesweeper", "Minesweeper\Minesweeper.vcxproj", "{14A11706-67F2-46A6-8649-8CAE15B0FFE8}"
EndProject
Project("{8BC9CEB8-8B4A-11D0-8D11-00A0C91BC942}") = "Chess", "Chess\Chess.vcxproj", "{5770C128-7237-4E9F-A6F7-02BE2B2B931D}"
EndProject
Project("{8BC9CEB8-8B4A-11D0-8D11-00A0C91BC942}") = "KMP", "KMP\KMP.vcxproj", "{56A4DD90-DB13-440E-82CF-442E9EF22BC0}"
EndProject
Global
	GlobalSection(SolutionConfigurationPlatforms) = preSolution
		Debug|x64 = Debug|x64
		Debug|x86 = Debug|x86
		Release|x64 = Release|x64
		Release|x86 = Release|x86
	EndGlobalSection
	GlobalSection(ProjectConfigurationPlatforms) = postSolution
		{4E7016DA-89D9-4E31-9550-DB7998BD5114}.Debug|x64.ActiveCfg = Debug|x64
		{4E7016DA-89D9-4E31-9550-DB7998BD5114}.Debug|x64.Build.0 = Debug|x64
		{4E7016DA-89D9-4E31-9550-DB7998BD5114}.Debug|x86.ActiveCfg = Debug|Win32
		{4E7016DA-89D9-4E31-9550-DB7998BD5114}.Debug|x86.Build.0 = Debug|Win32
		{4E7016DA-89D9-4E31-9550-DB7998BD5114}.Release|x64.ActiveCfg = Release|x64
		{4E7016DA-89D9-4E31-9550-DB7998BD5114}.Release|x64.Build.0 = Release|x64
		{4E7016DA-89D9-4E31-9550-DB7998BD5114}.Release|x86.ActiveCfg = Release|Win32
		{4E7016DA-89D9-4E31-9550-DB7998BD5114}.Release|x86.Build.0 = Release|Win32
		{439898D0-3F6F-4841-BDE9-C9A6720C8DA9}.Debug|x64.ActiveCfg = Debug|x64
		{439898D0-3F6F-4841-BDE9-C9A6720C8DA9}.Debug|x64.Build.0 = Debug|x64
		{439898D0-3F6F-4841-BDE9-C9A6720C8DA9}.Debug|x86.ActiveCfg = Debug|Win32
		{439898D0-3F6F-4841-BDE9-C9A6720C8DA9}.Debug|x86.Build.0 = Debug|Win32
		{439898D0-3F6F-4841-BDE9-C9A6720C8DA9}.Release|x64.ActiveCfg = Release|x64
		{439898D0-3F6F-4841-BDE9-C9A6720C8DA9}.Release|x64.Build.0 = Release|x64
		{439898D0-3F6F-4841-BDE9-C9A6720C8DA9}.Release|x86.ActiveCfg = Release|Win32
		{439898D0-3F6F-4841-BDE9-C9A6720C8DA9}.Release|x86.Build.0 = Release|Win32
		{7BCCFFA3-4DBC-455D-9C64-6287B464CC61}.Debug|x64.ActiveCfg = Debug|x64
		{7BCCFFA3-4DBC-455D-9C64-6287B464CC61}.Debug|x64.Build.0 = Debug|x64
		{7BCCFFA3-4DBC-455D-9C64-6287B464CC61}.Debug|x86.ActiveCfg = Debug|Win32
		{7BCCFFA3-4DBC-455D-9C64-6287B464CC61}.Debug|x86.Build.0 = Debug|Win32
		{7BCCFFA3-4DBC-455D-9C64-6287B464CC61}.Release|x64.ActiveCfg = Release|x64
		{7BCCFFA3-4DBC-455D-9C64-6287B464CC61}.Release|x64.Build.0 = Release|x64
		{7BCCFFA3-4DBC-455D-9C64-6287B464CC61}.Release|x86.ActiveCfg = Release|Win32
		{7BCCFFA3-4DBC-455D-9C64-6287B464CC61}.Release|x86.Build.0 = Release|Win32
		{C6FCC539-6091-4864-A01B-89CDAE83423A}.Debug|x64.ActiveCfg = Debug|x64
		{C6FCC539-6091-4864-A01B-89CDAE83423A}.Debug|x64.Build.0 = Debug|x64
		{C6FCC539-6091-4864-A01B-89CDAE83423A}.Debug|x86.ActiveCfg = Debug|Win32
		{C6FCC539-6091-4864-A01B-89CDAE83423A}.Debug|x86.Build.0 = Debug|Win32
		{C6FCC539-6091-4864-A01B-89CDAE83423A}.Release|x64.ActiveCfg = Release|x64
		{C6FCC539-6091-4864-A01B-89CDAE83423A}.Release|x64.Build.0 = Release|x64
		{C6FCC539-6091-4864-A01B-89CDAE83423A}.Release|x86.ActiveCfg = Release|Win32
		{C6FCC539-6091-4864-A01B-89CDAE83423A}.Release|x86.Build.0 = Release|Win32
		{F3721545-9DC1-48E2-915E-D3E192D84F45}.Debug|x64.ActiveCfg = Debug|x64
		{F3721545-9DC1-48E2-915E-D3E192D84F45}.Debug|x64.Build.0 = Debug|x64
		{F3721545-9DC1-48E2-915E-D3E192D84F45}.Debug|x86.ActiveCfg = Debug|Win32
		{F3721545-9DC1-48E2-915E-D3E192D84F45}.Debug|x86.Build.0 = Debug|Win32
		{F3721545-9DC1-48E2-915E-D3E192D84F45}.Release|x64.ActiveCfg = Release|x64
		{F3721545-9DC1-48E2-915E-D3E192D84F45}.Release|x64.Build.0 = Release|x64
		{F3721545-9DC1-48E2-915E-D3E192D84F45}.Release|x86.ActiveCfg = Release|Win32
		{F3721545-9DC1-48E2-915E-D3E192D84F45}.Release|x86.Build.0 = Release|Win32
		{BE5322CC-ECB2-480A-ACA8-A95B7B09D1E2}.Debug|x64.ActiveCfg = Debug|x64
		{BE5322CC-ECB2-480A-ACA8-A95B7B09D1E2}.Debug|x64.Build.0 = Debug|x64
		{BE5322CC-ECB2-480A-ACA8-A95B7B09D1E2}.Debug|x86.ActiveCfg = Debug|Win32
		{BE5322CC-ECB2-480A-ACA8-A95B7B09D1E2}.Debug|x86.Build.0 = Debug|Win32
		{BE5322CC-ECB2-480A-ACA8-A95B7B09D1E2}.Release|x64.ActiveCfg = Release|x64
		{BE5322CC-ECB2-480A-ACA8-A95B7B09D1E2}.Release|x64.Build.0 = Release|x64
		{BE5322CC-ECB2-480A-ACA8-A95B7B09D1E2}.Release|x86.ActiveCfg = Release|Win32
		{BE5322CC-ECB2-480A-ACA8-A95B7B09D1E2}.Release|x86.Build.0 = Release|Win32
		{A904170C-2E23-408C-943F-5C4D0FED8D15}.Debug|x64.ActiveCfg = Debug|x64
		{A904170C-2E23-408C-943F-5C4D0FED8D15}.Debug|x64.Build.0 = Debug|x64
		{A904170C-2E23-408C-943F-5C4D0FED8D15}.Debug|x86.ActiveCfg = Debug|Win32
		{A904170C-2E23-408C-943F-5C4D0FED8D15}.Debug|x86.Build.0 = Debug|Win32
		{A904170C-2E23-408C-943F-5C4D0FED8D15}.Release|x64.ActiveCfg = Release|x64
		{A904170C-2E23-408C-943F-5C4D0FED8D15}.Release|x64.Build.0 = Release|x64
		{A904170C-2E23-408C-943F-5C4D0FED8D15}.Release|x86.ActiveCfg = Release|Win32
		{A904170C-2E23-408C-943F-5C4D0FED8D15}.Release|x86.Build.0 = Release|Win32
		{86A96526-B94E-4F4E-9687-F7F37369FB39}.Debug|x64.ActiveCfg = Debug|x64
		{86A96526-B94E-4F4E-9687-F7F37369FB39}.Debug|x64.Build.0 = Debug|x64
		{86A96526-B94E-4F4E-9687-F7F37369FB39}.Debug|x86.ActiveCfg = Debug|Win32
		{86A96526-B94E-4F4E-9687-F7F37369FB39}.Debug|x86.Build.0 = Debug|Win32
		{86A96526-B94E-4F4E-9687-F7F37369FB39}.Release|x64.ActiveCfg = Release|x64
		{86A96526-B94E-4F4E-9687-F7F37369FB39}.Release|x64.Build.0 = Release|x64
		{86A96526-B94E-4F4E-9687-F7F37369FB39}.Release|x86.ActiveCfg = Release|Win32
		{86A96526-B94E-4F4E-9687-F7F37369FB39}.Release|x86.Build.0 = Release|Win32
		{14A11706-67F2-46A6-8649-8CAE15B0FFE8}.Debug|x64.ActiveCfg = Debug|x64
		{14A11706-67F2-46A6-8649-8CAE15B0FFE8}.Debug|x64.Build.0 = Debug|x64
		{14A11706-67F2-46A6-8649-8CAE15B0FFE8}.Debug|x86.ActiveCfg = Debug|Win32
		{14A11706-67F2-46A6-8649-8CAE15B0FFE8}.Debug|x86.Build.0 = Debug|Win32
		{14A11706-67F2-46A6-8649-8CAE15B0FFE8}.Release|x64.ActiveCfg = Release|x64
		{14A11706-67F2-46A6-8649-8CAE15B0FFE8}.Release|x64.Build.0 = Release|x64
		{14A11706-67F2-46A6-8649-8CAE15B0FFE8}.Release|x86.ActiveCfg = Release|Win32
		{14A11706-67F2-46A6-8649-8CAE15B0FFE8}.Release|x86.Build.0 = Release|Win32
		{5770C128-7237-4E9F-A6F7-02BE2B2B931D}.Debug|x64.ActiveCfg = Debug|x64
		{5770C128-7237-4E9F-A6F7-02BE2B2B931D}.Debug|x64.Build.0 = Debug|x64
		{5770C128-7237-4E9F-A6F7-02BE2B2B931D}.Debug|x86.ActiveCfg = Debug|Win32
		{5770C128-7237-4E9F-A6F7-02BE2B2B931D}.Debug|x86.Build.0 = Debug|Win32
		{5770C128-7237-4E9F-A6F7-02BE2B2B931D}.Release|x64.ActiveCfg = Release|x64
		{5770C128-7237-4E9F-A6F7-02BE2B2B931D}.Release|x64.Build.0 = Release|x64
		{5770C128-7237-4E9F-A6F7-02BE2B2B931D}.Release|x86.ActiveCfg = Release|Win32
		{5770C128-7237-4E9F-A6F7-02BE2B2B931D}.Release|x86.Build.0 = Release|Win32
		{56A4DD90-DB13-440E-82CF-442E9EF22BC0}.Debug|x64.ActiveCfg = Debug|x64
		{56A4DD90-DB13-440E-82CF-442E9EF22BC0}.Debug|x64.Build.0 = Debug|x64
		{56A4DD90-DB13-440E-82CF-442E9EF22BC0}.Debug|x86.ActiveCfg = Debug|Win32
		{56A4DD90-DB13-440E-82CF-442E9EF22BC0}.Debug|x86.Build.0 = Debug|Win32
		{56A4DD90-DB13-440E-82CF-442E9EF22BC0}.Release|x64.ActiveCfg = Release|x64
		{56A4DD90-DB13-440E-82CF-442E9EF22BC0}.Release|x64.Build.0 = Release|x64
		{56A4DD90-DB13-440E-82CF-442E9EF22BC0}.Release|x86.ActiveCfg = Release|Win32
		{56A4DD90-DB13-440E-82CF-442E9EF22BC0}.Release|x86.Build.0 = Release|Win32
	EndGlobalSection
	GlobalSection(SolutionProperties) = preSolution
		HideSolutionNode = FALSE
	EndGlobalSection
	GlobalSection(ExtensibilityGlobals) = postSolution
		SolutionGuid = {0DAF8A5B-A699-4537-8B6B-6D6632B0BC7E}
	EndGlobalSection
EndGlobal
